{
  "version": "5",
  "redirects": {
    "https://esm.sh/@supabase/supabase-js@2": "https://esm.sh/@supabase/supabase-js@2.112.4"
  },
  "remote": {
    "https://esm.sh/@supabase/supabase-js@2.112.4": "cfaa762b66cf8717f1b32db2699c4277aa673b39417cb9be9c0b19d9c7786bd7"
  },
  "workspace": {
    "packageJson": {
      "dependencies": [
        "npm:@aparajita/capacitor-biometric-auth@10",
        "npm:@capacitor-community/in-app-review@8",
        "npm:@capacitor/android@^8.5.0",
        "npm:@capacitor/app@^8.1.1",
        "npm:@capacitor/browser@^8.0.4",
        "npm:@capacitor/cli@^8.5.0",
        "npm:@capacitor/core@^8.3.4",
        "npm:@capacitor/filesystem@^8.1.3",
        "npm:@capacitor/ios@^8.5.0",
        "npm:@capacitor/local-notifications@^8.3.1",
        "npm:@capacitor/preferences@^8.0.1",
        "npm:@capacitor/push-notifications@^8.1.2",
        "npm:@capacitor/share@^8.0.1",
        "npm:@eslint/js@^10.0.1",
        "npm:@launchdarkly/js-client-sdk@^4.9.4",
        "npm:@launchdarkly/observability@^1.1.19",
        "npm:@launchdarkly/session-replay@^1.1.19",
        "npm:@playwright/test@^1.62.0",
        "npm:@radix-ui/react-tabs@^1.1.21",
        "npm:@radix-ui/react-tooltip@^1.2.16",
        "npm:@revenuecat/purchases-capacitor@^13.4.1",
        "npm:@stripe/react-stripe-js@^6.8.1",
        "npm:@stripe/stripe-js@^9.13.0",
        "npm:@supabase/supabase-js@^2.112.3",
        "npm:@tailwindcss/postcss@^4.3.3",
        "npm:@tailwindcss/typography@~0.5.20",
        "npm:@tanstack/react-query@^5.101.4",
        "npm:@testing-library/jest-dom@^7.0.1",
        "npm:@testing-library/react@16",
        "npm:@types/node@^26.2.0",
        "npm:@types/react-dom@^19.2.4",
        "npm:@types/react@^19.2.18",
        "npm:@vercel/speed-insights@2",
        "npm:@vitejs/plugin-react@^6.1.0",
        "npm:class-variance-authority@~0.7.1",
        "npm:clsx@^2.1.1",
        "npm:cmdk@^1.1.1",
        "npm:date-fns@^3.6.0",
        "npm:embla-carousel-react@^8.6.0",
        "npm:eruda@3.4.3",
        "npm:eslint-plugin-react-hooks@^7.1.1",
        "npm:eslint-plugin-react-refresh@~0.5.4",
        "npm:eslint@^10.8.1",
        "npm:framer-motion@^13.1.1",
        "npm:globals@^17.11.0",
        "npm:i18next@^25.10.10",
        "npm:input-otp@^1.5.0",
        "npm:jsdom@^30.0.1",
        "npm:lucide-react@^1.33.0",
        "npm:postcss@8.5.26",
        "npm:react-dom@^19.2.8",
        "npm:react-i18next@^15.7.4",
        "npm:react-resizable-panels@^4.12.3",
        "npm:react-router@^8.3.0",
        "npm:react@^19.2.8",
        "npm:recharts@^3.10.1",
        "npm:sonner@^2.0.8",
        "npm:supabase@^2.115.0",
        "npm:tailwind-merge@^3.6.0",
        "npm:tailwindcss-animate@^1.0.7",
        "npm:tailwindcss@^4.3.3",
        "npm:typescript-eslint@^8.67.0",
        "npm:typescript@^5.8.3",
        "npm:vite@^8.2.2",
        "npm:vitest@^4.1.11",
        "npm:zod@^3.25.76"
      ],
      "overrides": {
        "brace-expansion@1": "1.1.18",
        "brace-expansion@>=2": "5.0.9",
        "browserslist": "^4.28.7",
        "@xmldom/xmldom": "^0.8.15",
        "@humanfs/node": "^0.16.8"
      }
    }
  }
}
